// !$*UTF8*$!
{
	archiveVersion = 1;
	classes = {
	};
	objectVersion = 50;
	objects = {

/* Begin PBXBuildFile section */
		4DBBD4B42147BC0F00123CE0 /* AppDelegate.swift in Sources */ = {isa = PBXBuildFile; fileRef = 4DBBD4B32147BC0F00123CE0 /* AppDelegate.swift */; };
		4DBBD4B62147BC0F00123CE0 /* ViewController.swift in Sources */ = {isa = PBXBuildFile; fileRef = 4DBBD4B52147BC0F00123CE0 /* ViewController.swift */; };
		4DBBD4B92147BC0F00123CE0 /* Main.storyboard in Resources */ = {isa = PBXBuildFile; fileRef = 4DBBD4B72147BC0F00123CE0 /* Main.storyboard */; };
		4DBBD4BB2147BC1100123CE0 /* Assets.xcassets in Resources */ = {isa = PBXBuildFile; fileRef = 4DBBD4BA2147BC1100123CE0 /* Assets.xcassets */; };
		4DBBD4BE2147BC1100123CE0 /* LaunchScreen.storyboard in Resources */ = {isa = PBXBuildFile; fileRef = 4DBBD4BC2147BC1100123CE0 /* LaunchScreen.storyboard */; };
		4DBBD4C92147BC1100123CE0 /* AnimatedSineWaveTests.swift in Sources */ = {isa = PBXBuildFile; fileRef = 4DBBD4C82147BC1100123CE0 /* AnimatedSineWaveTests.swift */; };
		4DBBD4D42147BC1100123CE0 /* AnimatedSineWaveUITests.swift in Sources */ = {isa = PBXBuildFile; fileRef = 4DBBD4D32147BC1100123CE0 /* AnimatedSineWaveUITests.swift */; };
/* End PBXBuildFile section */

/* Begin PBXContainerItemProxy section */
		4DBBD4C52147BC1100123CE0 /* PBXContainerItemProxy */ = {
			isa = PBXContainerItemProxy;
			containerPortal = 4DBBD4A82147BC0F00123CE0 /* Project object */;
			proxyType = 1;
			remoteGlobalIDString = 4DBBD4AF2147BC0F00123CE0;
			remoteInfo = AnimatedSineWave;
		};
		4DBBD4D02147BC1100123CE0 /* PBXContainerItemProxy */ = {
			isa = PBXContainerItemProxy;
			containerPortal = 4DBBD4A82147BC0F00123CE0 /* Project object */;
			proxyType = 1;
			remoteGlobalIDString = 4DBBD4AF2147BC0F00123CE0;
			remoteInfo = AnimatedSineWave;
		};
/* End PBXContainerItemProxy section */

/* Begin PBXFileReference section */
		4DBBD4B02147BC0F00123CE0 /* AnimatedSineWave.app */ = {isa = PBXFileReference; explicitFileType = wrapper.application; includeInIndex = 0; path = AnimatedSineWave.app; sourceTree = BUILT_PRODUCTS_DIR; };
		4DBBD4B32147BC0F00123CE0 /* AppDelegate.swift */ = {isa = PBXFileReference; lastKnownFileType = sourcecode.swift; path = AppDelegate.swift; sourceTree = "<group>"; };
		4DBBD4B52147BC0F00123CE0 /* ViewController.swift */ = {isa = PBXFileReference; lastKnownFileType = sourcecode.swift; path = ViewController.swift; sourceTree = "<group>"; };
		4DBBD4B82147BC0F00123CE0 /* Base */ = {isa = PBXFileReference; lastKnownFileType = file.storyboard; name = Base; path = Base.lproj/Main.storyboard; sourceTree = "<group>"; };
		4DBBD4BA2147BC1100123CE0 /* Assets.xcassets */ = {isa = PBXFileReference; lastKnownFileType = folder.assetcatalog; path = Assets.xcassets; sourceTree = "<group>"; };
		4DBBD4BD2147BC1100123CE0 /* Base */ = {isa = PBXFileReference; lastKnownFileType = file.storyboard; name = Base; path = Base.lproj/LaunchScreen.storyboard; sourceTree = "<group>"; };
		4DBBD4BF2147BC1100123CE0 /* Info.plist */ = {isa = PBXFileReference; lastKnownFileType = text.plist.xml; path = Info.plist; sourceTree = "<group>"; };
		4DBBD4C42147BC1100123CE0 /* AnimatedSineWaveTests.xctest */ = {isa = PBXFileReference; explicitFileType = wrapper.cfbundle; includeInIndex = 0; path = AnimatedSineWaveTests.xctest; sourceTree = BUILT_PRODUCTS_DIR; };
		4DBBD4C82147BC1100123CE0 /* AnimatedSineWaveTests.swift */ = {isa = PBXFileReference; lastKnownFileType = sourcecode.swift; path = AnimatedSineWaveTests.swift; sourceTree = "<group>"; };
		4DBBD4CA2147BC1100123CE0 /* Info.plist */ = {isa = PBXFileReference; lastKnownFileType = text.plist.xml; path = Info.plist; sourceTree = "<group>"; };
		4DBBD4CF2147BC1100123CE0 /* AnimatedSineWaveUITests.xctest */ = {isa = PBXFileReference; explicitFileType = wrapper.cfbundle; includeInIndex = 0; path = AnimatedSineWaveUITests.xctest; sourceTree = BUILT_PRODUCTS_DIR; };
		4DBBD4D32147BC1100123CE0 /* AnimatedSineWaveUITests.swift */ = {isa = PBXFileReference; lastKnownFileType = sourcecode.swift; path = AnimatedSineWaveUITests.swift; sourceTree = "<group>"; };
		4DBBD4D52147BC1100123CE0 /* Info.plist */ = {isa = PBXFileReference; lastKnownFileType = text.plist.xml; path = Info.plist; sourceTree = "<group>"; };
/* End PBXFileReference section */

/* Begin PBXFrameworksBuildPhase section */
		4DBBD4AD2147BC0F00123CE0 /* Frameworks */ = {
			isa = PBXFrameworksBuildPhase;
			buildActionMask = 2147483647;
			files = (
			);
			runOnlyForDeploymentPostprocessing = 0;
		};
		4DBBD4C12147BC1100123CE0 /* Frameworks */ = {
			isa = PBXFrameworksBuildPhase;
			buildActionMask = 2147483647;
			files = (
			);
			runOnlyForDeploymentPostprocessing = 0;
		};
		4DBBD4CC2147BC1100123CE0 /* Frameworks */ = {
			isa = PBXFrameworksBuildPhase;
			buildActionMask = 2147483647;
			files = (
			);
			runOnlyForDeploymentPostprocessing = 0;
		};
/* End PBXFrameworksBuildPhase section */

/* Begin PBXGroup section */
		4DBBD4A72147BC0F00123CE0 = {
			isa = PBXGroup;
			children = (
				4DBBD4B22147BC0F00123CE0 /* AnimatedSineWave */,
				4DBBD4C72147BC1100123CE0 /* AnimatedSineWaveTests */,
				4DBBD4D22147BC1100123CE0 /* AnimatedSineWaveUITests */,
				4DBBD4B12147BC0F00123CE0 /* Products */,
			);
			sourceTree = "<group>";
		};
		4DBBD4B12147BC0F00123CE0 /* Products */ = {
			isa = PBXGroup;
			children = (
				4DBBD4B02147BC0F00123CE0 /* AnimatedSineWave.app */,
				4DBBD4C42147BC1100123CE0 /* AnimatedSineWaveTests.xctest */,
				4DBBD4CF2147BC1100123CE0 /* AnimatedSineWaveUITests.xctest */,
			);
			name = Products;
			sourceTree = "<group>";
		};
		4DBBD4B22147BC0F00123CE0 /* AnimatedSineWave */ = {
			isa = PBXGroup;
			children = (
				4DBBD4B32147BC0F00123CE0 /* AppDelegate.swift */,
				4DBBD4B52147BC0F00123CE0 /* ViewController.swift */,
				4DBBD4B72147BC0F00123CE0 /* Main.storyboard */,
				4DBBD4BA2147BC1100123CE0 /* Assets.xcassets */,
				4DBBD4BC2147BC1100123CE0 /* LaunchScreen.storyboard */,
				4DBBD4BF2147BC1100123CE0 /* Info.plist */,
			);
			path = AnimatedSineWave;
			sourceTree = "<group>";
		};
		4DBBD4C72147BC1100123CE0 /* AnimatedSineWaveTests */ = {
			isa = PBXGroup;
			children = (
				4DBBD4C82147BC1100123CE0 /* AnimatedSineWaveTests.swift */,
				4DBBD4CA2147BC1100123CE0 /* Info.plist */,
			);
			path = AnimatedSineWaveTests;
			sourceTree = "<group>";
		};
		4DBBD4D22147BC1100123CE0 /* AnimatedSineWaveUITests */ = {
			isa = PBXGroup;
			children = (
				4DBBD4D32147BC1100123CE0 /* AnimatedSineWaveUITests.swift */,
				4DBBD4D52147BC1100123CE0 /* Info.plist */,
			);
			path = AnimatedSineWaveUITests;
			sourceTree = "<group>";
		};
/* End PBXGroup section */

/* Begin PBXNativeTarget section */
		4DBBD4AF2147BC0F00123CE0 /* AnimatedSineWave */ = {
			isa = PBXNativeTarget;
			buildConfigurationList = 4DBBD4D82147BC1100123CE0 /* Build configuration list for PBXNativeTarget "AnimatedSineWave" */;
			buildPhases = (
				4DBBD4AC2147BC0F00123CE0 /* Sources */,
				4DBBD4AD2147BC0F00123CE0 /* Frameworks */,
				4DBBD4AE2147BC0F00123CE0 /* Resources */,
			);
			buildRules = (
			);
			dependencies = (
			);
			name = AnimatedSineWave;
			productName = AnimatedSineWave;
			productReference = 4DBBD4B02147BC0F00123CE0 /* AnimatedSineWave.app */;
			productType = "com.apple.product-type.application";
		};
		4DBBD4C32147BC1100123CE0 /* AnimatedSineWaveTests */ = {
			isa = PBXNativeTarget;
			buildConfigurationList = 4DBBD4DB2147BC1100123CE0 /* Build configuration list for PBXNativeTarget "AnimatedSineWaveTests" */;
			buildPhases = (
				4DBBD4C02147BC1100123CE0 /* Sources */,
				4DBBD4C12147BC1100123CE0 /* Frameworks */,
				4DBBD4C22147BC1100123CE0 /* Resources */,
			);
			buildRules = (
			);
			dependencies = (
				4DBBD4C62147BC1100123CE0 /* PBXTargetDependency */,
			);
			name = AnimatedSineWaveTests;
			productName = AnimatedSineWaveTests;
			productReference = 4DBBD4C42147BC1100123CE0 /* AnimatedSineWaveTests.xctest */;
			productType = "com.apple.product-type.bundle.unit-test";
		};
		4DBBD4CE2147BC1100123CE0 /* AnimatedSineWaveUITests */ = {
			isa = PBXNativeTarget;
			buildConfigurationList = 4DBBD4DE2147BC1100123CE0 /* Build configuration list for PBXNativeTarget "AnimatedSineWaveUITests" */;
			buildPhases = (
				4DBBD4CB2147BC1100123CE0 /* Sources */,
				4DBBD4CC2147BC1100123CE0 /* Frameworks */,
				4DBBD4CD2147BC1100123CE0 /* Resources */,
			);
			buildRules = (
			);
			dependencies = (
				4DBBD4D12147BC1100123CE0 /* PBXTargetDependency */,
			);
			name = AnimatedSineWaveUITests;
			productName = AnimatedSineWaveUITests;
			productReference = 4DBBD4CF2147BC1100123CE0 /* AnimatedSineWaveUITests.xctest */;
			productType = "com.apple.product-type.bundle.ui-testing";
		};
/* End PBXNativeTarget section */

/* Begin PBXProject section */
		4DBBD4A82147BC0F00123CE0 /* Project object */ = {
			isa = PBXProject;
			attributes = {
				LastSwiftUpdateCheck = 0940;
				LastUpgradeCheck = 0940;
				ORGANIZATIONNAME = "Mark Wong";
				TargetAttributes = {
					4DBBD4AF2147BC0F00123CE0 = {
						CreatedOnToolsVersion = 9.4.1;
					};
					4DBBD4C32147BC1100123CE0 = {
						CreatedOnToolsVersion = 9.4.1;
						TestTargetID = 4DBBD4AF2147BC0F00123CE0;
					};
					4DBBD4CE2147BC1100123CE0 = {
						CreatedOnToolsVersion = 9.4.1;
						TestTargetID = 4DBBD4AF2147BC0F00123CE0;
					};
				};
			};
			buildConfigurationList = 4DBBD4AB2147BC0F00123CE0 /* Build configuration list for PBXProject "AnimatedSineWave" */;
			compatibilityVersion = "Xcode 9.3";
			developmentRegion = en;
			hasScannedForEncodings = 0;
			knownRegions = (
				en,
				Base,
			);
			mainGroup = 4DBBD4A72147BC0F00123CE0;
			productRefGroup = 4DBBD4B12147BC0F00123CE0 /* Products */;
			projectDirPath = "";
			projectRoot = "";
			targets = (
				4DBBD4AF2147BC0F00123CE0 /* AnimatedSineWave */,
				4DBBD4C32147BC1100123CE0 /* AnimatedSineWaveTests */,
				4DBBD4CE2147BC1100123CE0 /* AnimatedSineWaveUITests */,
			);
		};
/* End PBXProject section */

/* Begin PBXResourcesBuildPhase section */
		4DBBD4AE2147BC0F00123CE0 /* Resources */ = {
			isa = PBXResourcesBuildPhase;
			buildActionMask = 2147483647;
			files = (
				4DBBD4BE2147BC1100123CE0 /* LaunchScreen.storyboard in Resources */,
				4DBBD4BB2147BC1100123CE0 /* Assets.xcassets in Resources */,
				4DBBD4B92147BC0F00123CE0 /* Main.storyboard in Resources */,
			);
			runOnlyForDeploymentPostprocessing = 0;
		};
		4DBBD4C22147BC1100123CE0 /* Resources */ = {
			isa = PBXResourcesBuildPhase;
			buildActionMask = 2147483647;
			files = (
			);
			runOnlyForDeploymentPostprocessing = 0;
		};
		4DBBD4CD2147BC1100123CE0 /* Resources */ = {
			isa = PBXResourcesBuildPhase;
			buildActionMask = 2147483647;
			files = (
			);
			runOnlyForDeploymentPostprocessing = 0;
		};
/* End PBXResourcesBuildPhase section */

/* Begin PBXSourcesBuildPhase section */
		4DBBD4AC2147BC0F00123CE0 /* Sources */ = {
			isa = PBXSourcesBuildPhase;
			buildActionMask = 2147483647;
			files = (
				4DBBD4B62147BC0F00123CE0 /* ViewController.swift in Sources */,
				4DBBD4B42147BC0F00123CE0 /* AppDelegate.swift in Sources */,
			);
			runOnlyForDeploymentPostprocessing = 0;
		};
		4DBBD4C02147BC1100123CE0 /* Sources */ = {
			isa = PBXSourcesBuildPhase;
			buildActionMask = 2147483647;
			files = (
				4DBBD4C92147BC1100123CE0 /* AnimatedSineWaveTests.swift in Sources */,
			);
			runOnlyForDeploymentPostprocessing = 0;
		};
		4DBBD4CB2147BC1100123CE0 /* Sources */ = {
			isa = PBXSourcesBuildPhase;
			buildActionMask = 2147483647;
			files = (
				4DBBD4D42147BC1100123CE0 /* AnimatedSineWaveUITests.swift in Sources */,
			);
			runOnlyForDeploymentPostprocessing = 0;
		};
/* End PBXSourcesBuildPhase section */

/* Begin PBXTargetDependency section */
		4DBBD4C62147BC1100123CE0 /* PBXTargetDependency */ = {
			isa = PBXTargetDependency;
			target = 4DBBD4AF2147BC0F00123CE0 /* AnimatedSineWave */;
			targetProxy = 4DBBD4C52147BC1100123CE0 /* PBXContainerItemProxy */;
		};
		4DBBD4D12147BC1100123CE0 /* PBXTargetDependency */ = {
			isa = PBXTargetDependency;
			target = 4DBBD4AF2147BC0F00123CE0 /* AnimatedSineWave */;
			targetProxy = 4DBBD4D02147BC1100123CE0 /* PBXContainerItemProxy */;
		};
/* End PBXTargetDependency section */

/* Begin PBXVariantGroup section */
		4DBBD4B72147BC0F00123CE0 /* Main.storyboard */ = {
			isa = PBXVariantGroup;
			children = (
				4DBBD4B82147BC0F00123CE0 /* Base */,
			);
			name = Main.storyboard;
			sourceTree = "<group>";
		};
		4DBBD4BC2147BC1100123CE0 /* LaunchScreen.storyboard */ = {
			isa = PBXVariantGroup;
			children = (
				4DBBD4BD2147BC1100123CE0 /* Base */,
			);
			name = LaunchScreen.storyboard;
			sourceTree = "<group>";
		};
/* End PBXVariantGroup section */

/* Begin XCBuildConfiguration section */
		4DBBD4D62147BC1100123CE0 /* Debug */ = {
			isa = XCBuildConfiguration;
			buildSettings = {
				ALWAYS_SEARCH_USER_PATHS = NO;
				CLANG_ANALYZER_NONNULL = YES;
				CLANG_ANALYZER_NUMBER_OBJECT_CONVERSION = YES_AGGRESSIVE;
				CLANG_CXX_LANGUAGE_STANDARD = "gnu++14";
				CLANG_CXX_LIBRARY = "libc++";
				CLANG_ENABLE_MODULES = YES;
				CLANG_ENABLE_OBJC_ARC = YES;
				CLANG_ENABLE_OBJC_WEAK = YES;
				CLANG_WARN_BLOCK_CAPTURE_AUTORELEASING = YES;
				CLANG_WARN_BOOL_CONVERSION = YES;
				CLANG_WARN_COMMA = YES;
				CLANG_WARN_CONSTANT_CONVERSION = YES;
				CLANG_WARN_DEPRECATED_OBJC_IMPLEMENTATIONS = YES;
				CLANG_WARN_DIRECT_OBJC_ISA_USAGE = YES_ERROR;
				CLANG_WARN_DOCUMENTATION_COMMENTS = YES;
				CLANG_WARN_EMPTY_BODY = YES;
				CLANG_WARN_ENUM_CONVERSION = YES;
				CLANG_WARN_INFINITE_RECURSION = YES;
				CLANG_WARN_INT_CONVERSION = YES;
				CLANG_WARN_NON_LITERAL_NULL_CONVERSION = YES;
				CLANG_WARN_OBJC_IMPLICIT_RETAIN_SELF = YES;
				CLANG_WARN_OBJC_LITERAL_CONVERSION = YES;
				CLANG_WARN_OBJC_ROOT_CLASS = YES_ERROR;
				CLANG_WARN_RANGE_LOOP_ANALYSIS = YES;
				CLANG_WARN_STRICT_PROTOTYPES = YES;
				CLANG_WARN_SUSPICIOUS_MOVE = YES;
				CLANG_WARN_UNGUARDED_AVAILABILITY = YES_AGGRESSIVE;
				CLANG_WARN_UNREACHABLE_CODE = YES;
				CLANG_WARN__DUPLICATE_METHOD_MATCH = YES;
				CODE_SIGN_IDENTITY = "iPhone Developer";
				COPY_PHASE_STRIP = NO;
				DEBUG_INFORMATION_FORMAT = dwarf;
				ENABLE_STRICT_OBJC_MSGSEND = YES;
				ENABLE_TESTABILITY = YES;
				GCC_C_LANGUAGE_STANDARD = gnu11;
				GCC_DYNAMIC_NO_PIC = NO;
				GCC_NO_COMMON_BLOCKS = YES;
				GCC_OPTIMIZATION_LEVEL = 0;
				GCC_PREPROCESSOR_DEFINITIONS = (
					"DEBUG=1",
					"$(inherited)",
				);
				GCC_WARN_64_TO_32_BIT_CONVERSION = YES;
				GCC_WARN_ABOUT_RETURN_TYPE = YES_ERROR;
				GCC_WARN_UNDECLARED_SELECTOR = YES;
				GCC_WARN_UNINITIALIZED_AUTOS = YES_AGGRESSIVE;
				GCC_WARN_UNUSED_FUNCTION = YES;
				GCC_WARN_UNUSED_VARIABLE = YES;
				IPHONEOS_DEPLOYMENT_TARGET = 11.4;
				MTL_ENABLE_DEBUG_INFO = YES;
				ONLY_ACTIVE_ARCH = YES;
				SDKROOT = iphoneos;
				SWIFT_ACTIVE_COMPILATION_CONDITIONS = DEBUG;
				SWIFT_OPTIMIZATION_LEVEL = "-Onone";
			};
			name = Debug;
		};
		4DBBD4D72147BC1100123CE0 /* Release */ = {
			isa = XCBuildConfiguration;
			buildSettings = {
				ALWAYS_SEARCH_USER_PATHS = NO;
				CLANG_ANALYZER_NONNULL = YES;
				CLANG_ANALYZER_NUMBER_OBJECT_CONVERSION = YES_AGGRESSIVE;
				CLANG_CXX_LANGUAGE_STANDARD = "gnu++14";
				CLANG_CXX_LIBRARY = "libc++";
				CLANG_ENABLE_MODULES = YES;
				CLANG_ENABLE_OBJC_ARC = YES;
				CLANG_ENABLE_OBJC_WEAK = YES;
				CLANG_WARN_BLOCK_CAPTURE_AUTORELEASING = YES;
				CLANG_WARN_BOOL_CONVERSION = YES;
				CLANG_WARN_COMMA = YES;
				CLANG_WARN_CONSTANT_CONVERSION = YES;
				CLANG_WARN_DEPRECATED_OBJC_IMPLEMENTATIONS = YES;
				CLANG_WARN_DIRECT_OBJC_ISA_USAGE = YES_ERROR;
				CLANG_WARN_DOCUMENTATION_COMMENTS = YES;
				CLANG_WARN_EMPTY_BODY = YES;
				CLANG_WARN_ENUM_CONVERSION = YES;
				CLANG_WARN_INFINITE_RECURSION = YES;
				CLANG_WARN_INT_CONVERSION = YES;
				CLANG_WARN_NON_LITERAL_NULL_CONVERSION = YES;
				CLANG_WARN_OBJC_IMPLICIT_RETAIN_SELF = YES;
				CLANG_WARN_OBJC_LITERAL_CONVERSION = YES;
				CLANG_WARN_OBJC_ROOT_CLASS = YES_ERROR;
				CLANG_WARN_RANGE_LOOP_ANALYSIS = YES;
				CLANG_WARN_STRICT_PROTOTYPES = YES;
				CLANG_WARN_SUSPICIOUS_MOVE = YES;
				CLANG_WARN_UNGUARDED_AVAILABILITY = YES_AGGRESSIVE;
				CLANG_WARN_UNREACHABLE_CODE = YES;
				CLANG_WARN__DUPLICATE_METHOD_MATCH = YES;
				CODE_SIGN_IDENTITY = "iPhone Developer";
				COPY_PHASE_STRIP = NO;
				DEBUG_INFORMATION_FORMAT = "dwarf-with-dsym";
				ENABLE_NS_ASSERTIONS = NO;
				ENABLE_STRICT_OBJC_MSGSEND = YES;
				GCC_C_LANGUAGE_STANDARD = gnu11;
				GCC_NO_COMMON_BLOCKS = YES;
				GCC_WARN_64_TO_32_BIT_CONVERSION = YES;
				GCC_WARN_ABOUT_RETURN_TYPE = YES_ERROR;
				GCC_WARN_UNDECLARED_SELECTOR = YES;
				GCC_WARN_UNINITIALIZED_AUTOS = YES_AGGRESSIVE;
				GCC_WARN_UNUSED_FUNCTION = YES;
				GCC_WARN_UNUSED_VARIABLE = YES;
				IPHONEOS_DEPLOYMENT_TARGET = 11.4;
				MTL_ENABLE_DEBUG_INFO = NO;
				SDKROOT = iphoneos;
				SWIFT_COMPILATION_MODE = wholemodule;
				SWIFT_OPTIMIZATION_LEVEL = "-O";
				VALIDATE_PRODUCT = YES;
			};
			name = Release;
		};
		4DBBD4D92147BC1100123CE0 /* Debug */ = {
			isa = XCBuildConfiguration;
			buildSettings = {
				ASSETCATALOG_COMPILER_APPICON_NAME = AppIcon;
				CODE_SIGN_STYLE = Automatic;
				DEVELOPMENT_TEAM = GEKZN86RYS;
				INFOPLIST_FILE = AnimatedSineWave/Info.plist;
				LD_RUNPATH_SEARCH_PATHS = (
					"$(inherited)",
					"@executable_path/Frameworks",
				);
				PRODUCT_BUNDLE_IDENTIFIER = com.whizbang.AnimatedSineWave;
				PRODUCT_NAME = "$(TARGET_NAME)";
				SWIFT_VERSION = 4.0;
				TARGETED_DEVICE_FAMILY = "1,2";
			};
			name = Debug;
		};
		4DBBD4DA2147BC1100123CE0 /* Release */ = {
			isa = XCBuildConfiguration;
			buildSettings = {
				ASSETCATALOG_COMPILER_APPICON_NAME = AppIcon;
				CODE_SIGN_STYLE = Automatic;
				DEVELOPMENT_TEAM = GEKZN86RYS;
				INFOPLIST_FILE = AnimatedSineWave/Info.plist;
				LD_RUNPATH_SEARCH_PATHS = (
					"$(inherited)",
					"@executable_path/Frameworks",
				);
				PRODUCT_BUNDLE_IDENTIFIER = com.whizbang.AnimatedSineWave;
				PRODUCT_NAME = "$(TARGET_NAME)";
				SWIFT_VERSION = 4.0;
				TARGETED_DEVICE_FAMILY = "1,2";
			};
			name = Release;
		};
		4DBBD4DC2147BC1100123CE0 /* Debug */ = {
			isa = XCBuildConfiguration;
			buildSettings = {
				ALWAYS_EMBED_SWIFT_STANDARD_LIBRARIES = YES;
				BUNDLE_LOADER = "$(TEST_HOST)";
				CODE_SIGN_STYLE = Automatic;
				DEVELOPMENT_TEAM = GEKZN86RYS;
				INFOPLIST_FILE = AnimatedSineWaveTests/Info.plist;
				LD_RUNPATH_SEARCH_PATHS = (
					"$(inherited)",
					"@executable_path/Frameworks",
					"@loader_path/Frameworks",
				);
				PRODUCT_BUNDLE_IDENTIFIER = com.whizbang.AnimatedSineWaveTests;
				PRODUCT_NAME = "$(TARGET_NAME)";
				SWIFT_VERSION = 4.0;
				TARGETED_DEVICE_FAMILY = "1,2";
				TEST_HOST = "$(BUILT_PRODUCTS_DIR)/AnimatedSineWave.app/AnimatedSineWave";
			};
			name = Debug;
		};
		4DBBD4DD2147BC1100123CE0 /* Release */ = {
			isa = XCBuildConfiguration;
			buildSettings = {
				ALWAYS_EMBED_SWIFT_STANDARD_LIBRARIES = YES;
				BUNDLE_LOADER = "$(TEST_HOST)";
				CODE_SIGN_STYLE = Automatic;
				DEVELOPMENT_TEAM = GEKZN86RYS;
				INFOPLIST_FILE = AnimatedSineWaveTests/Info.plist;
				LD_RUNPATH_SEARCH_PATHS = (
					"$(inherited)",
					"@executable_path/Frameworks",
					"@loader_path/Frameworks",
				);
				PRODUCT_BUNDLE_IDENTIFIER = com.whizbang.AnimatedSineWaveTests;
				PRODUCT_NAME = "$(TARGET_NAME)";
				SWIFT_VERSION = 4.0;
				TARGETED_DEVICE_FAMILY = "1,2";
				TEST_HOST = "$(BUILT_PRODUCTS_DIR)/AnimatedSineWave.app/AnimatedSineWave";
			};
			name = Release;
		};
		4DBBD4DF2147BC1100123CE0 /* Debug */ = {
			isa = XCBuildConfiguration;
			buildSettings = {
				ALWAYS_EMBED_SWIFT_STANDARD_LIBRARIES = YES;
				CODE_SIGN_STYLE = Automatic;
				DEVELOPMENT_TEAM = GEKZN86RYS;
				INFOPLIST_FILE = AnimatedSineWaveUITests/Info.plist;
				LD_RUNPATH_SEARCH_PATHS = (
					"$(inherited)",
					"@executable_path/Frameworks",
					"@loader_path/Frameworks",
				);
				PRODUCT_BUNDLE_IDENTIFIER = com.whizbang.AnimatedSineWaveUITests;
				PRODUCT_NAME = "$(TARGET_NAME)";
				SWIFT_VERSION = 4.0;
				TARGETED_DEVICE_FAMILY = "1,2";
				TEST_TARGET_NAME = AnimatedSineWave;
			};
			name = Debug;
		};
		4DBBD4E02147BC1100123CE0 /* Release */ = {
			isa = XCBuildConfiguration;
			buildSettings = {
				ALWAYS_EMBED_SWIFT_STANDARD_LIBRARIES = YES;
				CODE_SIGN_STYLE = Automatic;
				DEVELOPMENT_TEAM = GEKZN86RYS;
				INFOPLIST_FILE = AnimatedSineWaveUITests/Info.plist;
				LD_RUNPATH_SEARCH_PATHS = (
					"$(inherited)",
					"@executable_path/Frameworks",
					"@loader_path/Frameworks",
				);
				PRODUCT_BUNDLE_IDENTIFIER = com.whizbang.AnimatedSineWaveUITests;
				PRODUCT_NAME = "$(TARGET_NAME)";
				SWIFT_VERSION = 4.0;
				TARGETED_DEVICE_FAMILY = "1,2";
				TEST_TARGET_NAME = AnimatedSineWave;
			};
			name = Release;
		};
/* End XCBuildConfiguration section */

/* Begin XCConfigurationList section */
		4DBBD4AB2147BC0F00123CE0 /* Build configuration list for PBXProject "AnimatedSineWave" */ = {
			isa = XCConfigurationList;
			buildConfigurations = (
				4DBBD4D62147BC1100123CE0 /* Debug */,
				4DBBD4D72147BC1100123CE0 /* Release */,
			);
			defaultConfigurationIsVisible = 0;
			defaultConfigurationName = Release;
		};
		4DBBD4D82147BC1100123CE0 /* Build configuration list for PBXNativeTarget "AnimatedSineWave" */ = {
			isa = XCConfigurationList;
			buildConfigurations = (
				4DBBD4D92147BC1100123CE0 /* Debug */,
				4DBBD4DA2147BC1100123CE0 /* Release */,
			);
			defaultConfigurationIsVisible = 0;
			defaultConfigurationName = Release;
		};
		4DBBD4DB2147BC1100123CE0 /* Build configuration list for PBXNativeTarget "AnimatedSineWaveTests" */ = {
			isa = XCConfigurationList;
			buildConfigurations = (
				4DBBD4DC2147BC1100123CE0 /* Debug */,
				4DBBD4DD2147BC1100123CE0 /* Release */,
			);
			defaultConfigurationIsVisible = 0;
			defaultConfigurationName = Release;
		};
		4DBBD4DE2147BC1100123CE0 /* Build configuration list for PBXNativeTarget "AnimatedSineWaveUITests" */ = {
			isa = XCConfigurationList;
			buildConfigurations = (
				4DBBD4DF2147BC1100123CE0 /* Debug */,
				4DBBD4E02147BC1100123CE0 /* Release */,
			);
			defaultConfigurationIsVisible = 0;
			defaultConfigurationName = Release;
		};
/* End XCConfigurationList section */
	};
	rootObject = 4DBBD4A82147BC0F00123CE0 /* Project object */;
}
