// !$*UTF8*$!
{
	archiveVersion = 1;
	classes = {
	};
	objectVersion = 50;
	objects = {

/* Begin PBXBuildFile section */
		4D1D2F2F212E8E1A007DD0BE /* AppDelegate.swift in Sources */ = {isa = PBXBuildFile; fileRef = 4D1D2F2E212E8E1A007DD0BE /* AppDelegate.swift */; };
		4D1D2F31212E8E1A007DD0BE /* ViewController.swift in Sources */ = {isa = PBXBuildFile; fileRef = 4D1D2F30212E8E1A007DD0BE /* ViewController.swift */; };
		4D1D2F34212E8E1A007DD0BE /* Main.storyboard in Resources */ = {isa = PBXBuildFile; fileRef = 4D1D2F32212E8E1A007DD0BE /* Main.storyboard */; };
		4D1D2F37212E8E1A007DD0BE /* TestCollectionViewB.xcdatamodeld in Sources */ = {isa = PBXBuildFile; fileRef = 4D1D2F35212E8E1A007DD0BE /* TestCollectionViewB.xcdatamodeld */; };
		4D1D2F39212E8E1B007DD0BE /* Assets.xcassets in Resources */ = {isa = PBXBuildFile; fileRef = 4D1D2F38212E8E1B007DD0BE /* Assets.xcassets */; };
		4D1D2F3C212E8E1B007DD0BE /* LaunchScreen.storyboard in Resources */ = {isa = PBXBuildFile; fileRef = 4D1D2F3A212E8E1B007DD0BE /* LaunchScreen.storyboard */; };
		4D1D2F47212E8E1B007DD0BE /* TestCollectionViewBTests.swift in Sources */ = {isa = PBXBuildFile; fileRef = 4D1D2F46212E8E1B007DD0BE /* TestCollectionViewBTests.swift */; };
		4D1D2F52212E8E1B007DD0BE /* TestCollectionViewBUITests.swift in Sources */ = {isa = PBXBuildFile; fileRef = 4D1D2F51212E8E1B007DD0BE /* TestCollectionViewBUITests.swift */; };
		4D1D2F61212E9811007DD0BE /* MyCell.swift in Sources */ = {isa = PBXBuildFile; fileRef = 4D1D2F60212E9811007DD0BE /* MyCell.swift */; };
		4D1D2F63212E9840007DD0BE /* HomeCell.swift in Sources */ = {isa = PBXBuildFile; fileRef = 4D1D2F62212E9840007DD0BE /* HomeCell.swift */; };
/* End PBXBuildFile section */

/* Begin PBXContainerItemProxy section */
		4D1D2F43212E8E1B007DD0BE /* PBXContainerItemProxy */ = {
			isa = PBXContainerItemProxy;
			containerPortal = 4D1D2F23212E8E1A007DD0BE /* Project object */;
			proxyType = 1;
			remoteGlobalIDString = 4D1D2F2A212E8E1A007DD0BE;
			remoteInfo = TestCollectionViewB;
		};
		4D1D2F4E212E8E1B007DD0BE /* PBXContainerItemProxy */ = {
			isa = PBXContainerItemProxy;
			containerPortal = 4D1D2F23212E8E1A007DD0BE /* Project object */;
			proxyType = 1;
			remoteGlobalIDString = 4D1D2F2A212E8E1A007DD0BE;
			remoteInfo = TestCollectionViewB;
		};
/* End PBXContainerItemProxy section */

/* Begin PBXFileReference section */
		4D1D2F2B212E8E1A007DD0BE /* TestCollectionViewB.app */ = {isa = PBXFileReference; explicitFileType = wrapper.application; includeInIndex = 0; path = TestCollectionViewB.app; sourceTree = BUILT_PRODUCTS_DIR; };
		4D1D2F2E212E8E1A007DD0BE /* AppDelegate.swift */ = {isa = PBXFileReference; lastKnownFileType = sourcecode.swift; path = AppDelegate.swift; sourceTree = "<group>"; };
		4D1D2F30212E8E1A007DD0BE /* ViewController.swift */ = {isa = PBXFileReference; lastKnownFileType = sourcecode.swift; path = ViewController.swift; sourceTree = "<group>"; };
		4D1D2F33212E8E1A007DD0BE /* Base */ = {isa = PBXFileReference; lastKnownFileType = file.storyboard; name = Base; path = Base.lproj/Main.storyboard; sourceTree = "<group>"; };
		4D1D2F36212E8E1A007DD0BE /* TestCollectionViewB.xcdatamodel */ = {isa = PBXFileReference; lastKnownFileType = wrapper.xcdatamodel; path = TestCollectionViewB.xcdatamodel; sourceTree = "<group>"; };
		4D1D2F38212E8E1B007DD0BE /* Assets.xcassets */ = {isa = PBXFileReference; lastKnownFileType = folder.assetcatalog; path = Assets.xcassets; sourceTree = "<group>"; };
		4D1D2F3B212E8E1B007DD0BE /* Base */ = {isa = PBXFileReference; lastKnownFileType = file.storyboard; name = Base; path = Base.lproj/LaunchScreen.storyboard; sourceTree = "<group>"; };
		4D1D2F3D212E8E1B007DD0BE /* Info.plist */ = {isa = PBXFileReference; lastKnownFileType = text.plist.xml; path = Info.plist; sourceTree = "<group>"; };
		4D1D2F42212E8E1B007DD0BE /* TestCollectionViewBTests.xctest */ = {isa = PBXFileReference; explicitFileType = wrapper.cfbundle; includeInIndex = 0; path = TestCollectionViewBTests.xctest; sourceTree = BUILT_PRODUCTS_DIR; };
		4D1D2F46212E8E1B007DD0BE /* TestCollectionViewBTests.swift */ = {isa = PBXFileReference; lastKnownFileType = sourcecode.swift; path = TestCollectionViewBTests.swift; sourceTree = "<group>"; };
		4D1D2F48212E8E1B007DD0BE /* Info.plist */ = {isa = PBXFileReference; lastKnownFileType = text.plist.xml; path = Info.plist; sourceTree = "<group>"; };
		4D1D2F4D212E8E1B007DD0BE /* TestCollectionViewBUITests.xctest */ = {isa = PBXFileReference; explicitFileType = wrapper.cfbundle; includeInIndex = 0; path = TestCollectionViewBUITests.xctest; sourceTree = BUILT_PRODUCTS_DIR; };
		4D1D2F51212E8E1B007DD0BE /* TestCollectionViewBUITests.swift */ = {isa = PBXFileReference; lastKnownFileType = sourcecode.swift; path = TestCollectionViewBUITests.swift; sourceTree = "<group>"; };
		4D1D2F53212E8E1B007DD0BE /* Info.plist */ = {isa = PBXFileReference; lastKnownFileType = text.plist.xml; path = Info.plist; sourceTree = "<group>"; };
		4D1D2F60212E9811007DD0BE /* MyCell.swift */ = {isa = PBXFileReference; lastKnownFileType = sourcecode.swift; path = MyCell.swift; sourceTree = "<group>"; };
		4D1D2F62212E9840007DD0BE /* HomeCell.swift */ = {isa = PBXFileReference; lastKnownFileType = sourcecode.swift; path = HomeCell.swift; sourceTree = "<group>"; };
/* End PBXFileReference section */

/* Begin PBXFrameworksBuildPhase section */
		4D1D2F28212E8E1A007DD0BE /* Frameworks */ = {
			isa = PBXFrameworksBuildPhase;
			buildActionMask = 2147483647;
			files = (
			);
			runOnlyForDeploymentPostprocessing = 0;
		};
		4D1D2F3F212E8E1B007DD0BE /* Frameworks */ = {
			isa = PBXFrameworksBuildPhase;
			buildActionMask = 2147483647;
			files = (
			);
			runOnlyForDeploymentPostprocessing = 0;
		};
		4D1D2F4A212E8E1B007DD0BE /* Frameworks */ = {
			isa = PBXFrameworksBuildPhase;
			buildActionMask = 2147483647;
			files = (
			);
			runOnlyForDeploymentPostprocessing = 0;
		};
/* End PBXFrameworksBuildPhase section */

/* Begin PBXGroup section */
		4D1D2F22212E8E1A007DD0BE = {
			isa = PBXGroup;
			children = (
				4D1D2F2D212E8E1A007DD0BE /* TestCollectionViewB */,
				4D1D2F45212E8E1B007DD0BE /* TestCollectionViewBTests */,
				4D1D2F50212E8E1B007DD0BE /* TestCollectionViewBUITests */,
				4D1D2F2C212E8E1A007DD0BE /* Products */,
			);
			sourceTree = "<group>";
		};
		4D1D2F2C212E8E1A007DD0BE /* Products */ = {
			isa = PBXGroup;
			children = (
				4D1D2F2B212E8E1A007DD0BE /* TestCollectionViewB.app */,
				4D1D2F42212E8E1B007DD0BE /* TestCollectionViewBTests.xctest */,
				4D1D2F4D212E8E1B007DD0BE /* TestCollectionViewBUITests.xctest */,
			);
			name = Products;
			sourceTree = "<group>";
		};
		4D1D2F2D212E8E1A007DD0BE /* TestCollectionViewB */ = {
			isa = PBXGroup;
			children = (
				4D1D2F2E212E8E1A007DD0BE /* AppDelegate.swift */,
				4D1D2F30212E8E1A007DD0BE /* ViewController.swift */,
				4D1D2F5F212E9805007DD0BE /* Model */,
				4D1D2F32212E8E1A007DD0BE /* Main.storyboard */,
				4D1D2F38212E8E1B007DD0BE /* Assets.xcassets */,
				4D1D2F3A212E8E1B007DD0BE /* LaunchScreen.storyboard */,
				4D1D2F3D212E8E1B007DD0BE /* Info.plist */,
				4D1D2F35212E8E1A007DD0BE /* TestCollectionViewB.xcdatamodeld */,
			);
			path = TestCollectionViewB;
			sourceTree = "<group>";
		};
		4D1D2F45212E8E1B007DD0BE /* TestCollectionViewBTests */ = {
			isa = PBXGroup;
			children = (
				4D1D2F46212E8E1B007DD0BE /* TestCollectionViewBTests.swift */,
				4D1D2F48212E8E1B007DD0BE /* Info.plist */,
			);
			path = TestCollectionViewBTests;
			sourceTree = "<group>";
		};
		4D1D2F50212E8E1B007DD0BE /* TestCollectionViewBUITests */ = {
			isa = PBXGroup;
			children = (
				4D1D2F51212E8E1B007DD0BE /* TestCollectionViewBUITests.swift */,
				4D1D2F53212E8E1B007DD0BE /* Info.plist */,
			);
			path = TestCollectionViewBUITests;
			sourceTree = "<group>";
		};
		4D1D2F5F212E9805007DD0BE /* Model */ = {
			isa = PBXGroup;
			children = (
				4D1D2F60212E9811007DD0BE /* MyCell.swift */,
				4D1D2F62212E9840007DD0BE /* HomeCell.swift */,
			);
			path = Model;
			sourceTree = "<group>";
		};
/* End PBXGroup section */

/* Begin PBXNativeTarget section */
		4D1D2F2A212E8E1A007DD0BE /* TestCollectionViewB */ = {
			isa = PBXNativeTarget;
			buildConfigurationList = 4D1D2F56212E8E1B007DD0BE /* Build configuration list for PBXNativeTarget "TestCollectionViewB" */;
			buildPhases = (
				4D1D2F27212E8E1A007DD0BE /* Sources */,
				4D1D2F28212E8E1A007DD0BE /* Frameworks */,
				4D1D2F29212E8E1A007DD0BE /* Resources */,
			);
			buildRules = (
			);
			dependencies = (
			);
			name = TestCollectionViewB;
			productName = TestCollectionViewB;
			productReference = 4D1D2F2B212E8E1A007DD0BE /* TestCollectionViewB.app */;
			productType = "com.apple.product-type.application";
		};
		4D1D2F41212E8E1B007DD0BE /* TestCollectionViewBTests */ = {
			isa = PBXNativeTarget;
			buildConfigurationList = 4D1D2F59212E8E1B007DD0BE /* Build configuration list for PBXNativeTarget "TestCollectionViewBTests" */;
			buildPhases = (
				4D1D2F3E212E8E1B007DD0BE /* Sources */,
				4D1D2F3F212E8E1B007DD0BE /* Frameworks */,
				4D1D2F40212E8E1B007DD0BE /* Resources */,
			);
			buildRules = (
			);
			dependencies = (
				4D1D2F44212E8E1B007DD0BE /* PBXTargetDependency */,
			);
			name = TestCollectionViewBTests;
			productName = TestCollectionViewBTests;
			productReference = 4D1D2F42212E8E1B007DD0BE /* TestCollectionViewBTests.xctest */;
			productType = "com.apple.product-type.bundle.unit-test";
		};
		4D1D2F4C212E8E1B007DD0BE /* TestCollectionViewBUITests */ = {
			isa = PBXNativeTarget;
			buildConfigurationList = 4D1D2F5C212E8E1B007DD0BE /* Build configuration list for PBXNativeTarget "TestCollectionViewBUITests" */;
			buildPhases = (
				4D1D2F49212E8E1B007DD0BE /* Sources */,
				4D1D2F4A212E8E1B007DD0BE /* Frameworks */,
				4D1D2F4B212E8E1B007DD0BE /* Resources */,
			);
			buildRules = (
			);
			dependencies = (
				4D1D2F4F212E8E1B007DD0BE /* PBXTargetDependency */,
			);
			name = TestCollectionViewBUITests;
			productName = TestCollectionViewBUITests;
			productReference = 4D1D2F4D212E8E1B007DD0BE /* TestCollectionViewBUITests.xctest */;
			productType = "com.apple.product-type.bundle.ui-testing";
		};
/* End PBXNativeTarget section */

/* Begin PBXProject section */
		4D1D2F23212E8E1A007DD0BE /* Project object */ = {
			isa = PBXProject;
			attributes = {
				LastSwiftUpdateCheck = 0940;
				LastUpgradeCheck = 0940;
				ORGANIZATIONNAME = "Mark Wong";
				TargetAttributes = {
					4D1D2F2A212E8E1A007DD0BE = {
						CreatedOnToolsVersion = 9.4.1;
					};
					4D1D2F41212E8E1B007DD0BE = {
						CreatedOnToolsVersion = 9.4.1;
						TestTargetID = 4D1D2F2A212E8E1A007DD0BE;
					};
					4D1D2F4C212E8E1B007DD0BE = {
						CreatedOnToolsVersion = 9.4.1;
						TestTargetID = 4D1D2F2A212E8E1A007DD0BE;
					};
				};
			};
			buildConfigurationList = 4D1D2F26212E8E1A007DD0BE /* Build configuration list for PBXProject "TestCollectionViewB" */;
			compatibilityVersion = "Xcode 9.3";
			developmentRegion = en;
			hasScannedForEncodings = 0;
			knownRegions = (
				en,
				Base,
			);
			mainGroup = 4D1D2F22212E8E1A007DD0BE;
			productRefGroup = 4D1D2F2C212E8E1A007DD0BE /* Products */;
			projectDirPath = "";
			projectRoot = "";
			targets = (
				4D1D2F2A212E8E1A007DD0BE /* TestCollectionViewB */,
				4D1D2F41212E8E1B007DD0BE /* TestCollectionViewBTests */,
				4D1D2F4C212E8E1B007DD0BE /* TestCollectionViewBUITests */,
			);
		};
/* End PBXProject section */

/* Begin PBXResourcesBuildPhase section */
		4D1D2F29212E8E1A007DD0BE /* Resources */ = {
			isa = PBXResourcesBuildPhase;
			buildActionMask = 2147483647;
			files = (
				4D1D2F3C212E8E1B007DD0BE /* LaunchScreen.storyboard in Resources */,
				4D1D2F39212E8E1B007DD0BE /* Assets.xcassets in Resources */,
				4D1D2F34212E8E1A007DD0BE /* Main.storyboard in Resources */,
			);
			runOnlyForDeploymentPostprocessing = 0;
		};
		4D1D2F40212E8E1B007DD0BE /* Resources */ = {
			isa = PBXResourcesBuildPhase;
			buildActionMask = 2147483647;
			files = (
			);
			runOnlyForDeploymentPostprocessing = 0;
		};
		4D1D2F4B212E8E1B007DD0BE /* Resources */ = {
			isa = PBXResourcesBuildPhase;
			buildActionMask = 2147483647;
			files = (
			);
			runOnlyForDeploymentPostprocessing = 0;
		};
/* End PBXResourcesBuildPhase section */

/* Begin PBXSourcesBuildPhase section */
		4D1D2F27212E8E1A007DD0BE /* Sources */ = {
			isa = PBXSourcesBuildPhase;
			buildActionMask = 2147483647;
			files = (
				4D1D2F31212E8E1A007DD0BE /* ViewController.swift in Sources */,
				4D1D2F61212E9811007DD0BE /* MyCell.swift in Sources */,
				4D1D2F37212E8E1A007DD0BE /* TestCollectionViewB.xcdatamodeld in Sources */,
				4D1D2F2F212E8E1A007DD0BE /* AppDelegate.swift in Sources */,
				4D1D2F63212E9840007DD0BE /* HomeCell.swift in Sources */,
			);
			runOnlyForDeploymentPostprocessing = 0;
		};
		4D1D2F3E212E8E1B007DD0BE /* Sources */ = {
			isa = PBXSourcesBuildPhase;
			buildActionMask = 2147483647;
			files = (
				4D1D2F47212E8E1B007DD0BE /* TestCollectionViewBTests.swift in Sources */,
			);
			runOnlyForDeploymentPostprocessing = 0;
		};
		4D1D2F49212E8E1B007DD0BE /* Sources */ = {
			isa = PBXSourcesBuildPhase;
			buildActionMask = 2147483647;
			files = (
				4D1D2F52212E8E1B007DD0BE /* TestCollectionViewBUITests.swift in Sources */,
			);
			runOnlyForDeploymentPostprocessing = 0;
		};
/* End PBXSourcesBuildPhase section */

/* Begin PBXTargetDependency section */
		4D1D2F44212E8E1B007DD0BE /* PBXTargetDependency */ = {
			isa = PBXTargetDependency;
			target = 4D1D2F2A212E8E1A007DD0BE /* TestCollectionViewB */;
			targetProxy = 4D1D2F43212E8E1B007DD0BE /* PBXContainerItemProxy */;
		};
		4D1D2F4F212E8E1B007DD0BE /* PBXTargetDependency */ = {
			isa = PBXTargetDependency;
			target = 4D1D2F2A212E8E1A007DD0BE /* TestCollectionViewB */;
			targetProxy = 4D1D2F4E212E8E1B007DD0BE /* PBXContainerItemProxy */;
		};
/* End PBXTargetDependency section */

/* Begin PBXVariantGroup section */
		4D1D2F32212E8E1A007DD0BE /* Main.storyboard */ = {
			isa = PBXVariantGroup;
			children = (
				4D1D2F33212E8E1A007DD0BE /* Base */,
			);
			name = Main.storyboard;
			sourceTree = "<group>";
		};
		4D1D2F3A212E8E1B007DD0BE /* LaunchScreen.storyboard */ = {
			isa = PBXVariantGroup;
			children = (
				4D1D2F3B212E8E1B007DD0BE /* Base */,
			);
			name = LaunchScreen.storyboard;
			sourceTree = "<group>";
		};
/* End PBXVariantGroup section */

/* Begin XCBuildConfiguration section */
		4D1D2F54212E8E1B007DD0BE /* Debug */ = {
			isa = XCBuildConfiguration;
			buildSettings = {
				ALWAYS_SEARCH_USER_PATHS = NO;
				CLANG_ANALYZER_NONNULL = YES;
				CLANG_ANALYZER_NUMBER_OBJECT_CONVERSION = YES_AGGRESSIVE;
				CLANG_CXX_LANGUAGE_STANDARD = "gnu++14";
				CLANG_CXX_LIBRARY = "libc++";
				CLANG_ENABLE_MODULES = YES;
				CLANG_ENABLE_OBJC_ARC = YES;
				CLANG_ENABLE_OBJC_WEAK = YES;
				CLANG_WARN_BLOCK_CAPTURE_AUTORELEASING = YES;
				CLANG_WARN_BOOL_CONVERSION = YES;
				CLANG_WARN_COMMA = YES;
				CLANG_WARN_CONSTANT_CONVERSION = YES;
				CLANG_WARN_DEPRECATED_OBJC_IMPLEMENTATIONS = YES;
				CLANG_WARN_DIRECT_OBJC_ISA_USAGE = YES_ERROR;
				CLANG_WARN_DOCUMENTATION_COMMENTS = YES;
				CLANG_WARN_EMPTY_BODY = YES;
				CLANG_WARN_ENUM_CONVERSION = YES;
				CLANG_WARN_INFINITE_RECURSION = YES;
				CLANG_WARN_INT_CONVERSION = YES;
				CLANG_WARN_NON_LITERAL_NULL_CONVERSION = YES;
				CLANG_WARN_OBJC_IMPLICIT_RETAIN_SELF = YES;
				CLANG_WARN_OBJC_LITERAL_CONVERSION = YES;
				CLANG_WARN_OBJC_ROOT_CLASS = YES_ERROR;
				CLANG_WARN_RANGE_LOOP_ANALYSIS = YES;
				CLANG_WARN_STRICT_PROTOTYPES = YES;
				CLANG_WARN_SUSPICIOUS_MOVE = YES;
				CLANG_WARN_UNGUARDED_AVAILABILITY = YES_AGGRESSIVE;
				CLANG_WARN_UNREACHABLE_CODE = YES;
				CLANG_WARN__DUPLICATE_METHOD_MATCH = YES;
				CODE_SIGN_IDENTITY = "iPhone Developer";
				COPY_PHASE_STRIP = NO;
				DEBUG_INFORMATION_FORMAT = dwarf;
				ENABLE_STRICT_OBJC_MSGSEND = YES;
				ENABLE_TESTABILITY = YES;
				GCC_C_LANGUAGE_STANDARD = gnu11;
				GCC_DYNAMIC_NO_PIC = NO;
				GCC_NO_COMMON_BLOCKS = YES;
				GCC_OPTIMIZATION_LEVEL = 0;
				GCC_PREPROCESSOR_DEFINITIONS = (
					"DEBUG=1",
					"$(inherited)",
				);
				GCC_WARN_64_TO_32_BIT_CONVERSION = YES;
				GCC_WARN_ABOUT_RETURN_TYPE = YES_ERROR;
				GCC_WARN_UNDECLARED_SELECTOR = YES;
				GCC_WARN_UNINITIALIZED_AUTOS = YES_AGGRESSIVE;
				GCC_WARN_UNUSED_FUNCTION = YES;
				GCC_WARN_UNUSED_VARIABLE = YES;
				IPHONEOS_DEPLOYMENT_TARGET = 11.4;
				MTL_ENABLE_DEBUG_INFO = YES;
				ONLY_ACTIVE_ARCH = YES;
				SDKROOT = iphoneos;
				SWIFT_ACTIVE_COMPILATION_CONDITIONS = DEBUG;
				SWIFT_OPTIMIZATION_LEVEL = "-Onone";
			};
			name = Debug;
		};
		4D1D2F55212E8E1B007DD0BE /* Release */ = {
			isa = XCBuildConfiguration;
			buildSettings = {
				ALWAYS_SEARCH_USER_PATHS = NO;
				CLANG_ANALYZER_NONNULL = YES;
				CLANG_ANALYZER_NUMBER_OBJECT_CONVERSION = YES_AGGRESSIVE;
				CLANG_CXX_LANGUAGE_STANDARD = "gnu++14";
				CLANG_CXX_LIBRARY = "libc++";
				CLANG_ENABLE_MODULES = YES;
				CLANG_ENABLE_OBJC_ARC = YES;
				CLANG_ENABLE_OBJC_WEAK = YES;
				CLANG_WARN_BLOCK_CAPTURE_AUTORELEASING = YES;
				CLANG_WARN_BOOL_CONVERSION = YES;
				CLANG_WARN_COMMA = YES;
				CLANG_WARN_CONSTANT_CONVERSION = YES;
				CLANG_WARN_DEPRECATED_OBJC_IMPLEMENTATIONS = YES;
				CLANG_WARN_DIRECT_OBJC_ISA_USAGE = YES_ERROR;
				CLANG_WARN_DOCUMENTATION_COMMENTS = YES;
				CLANG_WARN_EMPTY_BODY = YES;
				CLANG_WARN_ENUM_CONVERSION = YES;
				CLANG_WARN_INFINITE_RECURSION = YES;
				CLANG_WARN_INT_CONVERSION = YES;
				CLANG_WARN_NON_LITERAL_NULL_CONVERSION = YES;
				CLANG_WARN_OBJC_IMPLICIT_RETAIN_SELF = YES;
				CLANG_WARN_OBJC_LITERAL_CONVERSION = YES;
				CLANG_WARN_OBJC_ROOT_CLASS = YES_ERROR;
				CLANG_WARN_RANGE_LOOP_ANALYSIS = YES;
				CLANG_WARN_STRICT_PROTOTYPES = YES;
				CLANG_WARN_SUSPICIOUS_MOVE = YES;
				CLANG_WARN_UNGUARDED_AVAILABILITY = YES_AGGRESSIVE;
				CLANG_WARN_UNREACHABLE_CODE = YES;
				CLANG_WARN__DUPLICATE_METHOD_MATCH = YES;
				CODE_SIGN_IDENTITY = "iPhone Developer";
				COPY_PHASE_STRIP = NO;
				DEBUG_INFORMATION_FORMAT = "dwarf-with-dsym";
				ENABLE_NS_ASSERTIONS = NO;
				ENABLE_STRICT_OBJC_MSGSEND = YES;
				GCC_C_LANGUAGE_STANDARD = gnu11;
				GCC_NO_COMMON_BLOCKS = YES;
				GCC_WARN_64_TO_32_BIT_CONVERSION = YES;
				GCC_WARN_ABOUT_RETURN_TYPE = YES_ERROR;
				GCC_WARN_UNDECLARED_SELECTOR = YES;
				GCC_WARN_UNINITIALIZED_AUTOS = YES_AGGRESSIVE;
				GCC_WARN_UNUSED_FUNCTION = YES;
				GCC_WARN_UNUSED_VARIABLE = YES;
				IPHONEOS_DEPLOYMENT_TARGET = 11.4;
				MTL_ENABLE_DEBUG_INFO = NO;
				SDKROOT = iphoneos;
				SWIFT_COMPILATION_MODE = wholemodule;
				SWIFT_OPTIMIZATION_LEVEL = "-O";
				VALIDATE_PRODUCT = YES;
			};
			name = Release;
		};
		4D1D2F57212E8E1B007DD0BE /* Debug */ = {
			isa = XCBuildConfiguration;
			buildSettings = {
				ASSETCATALOG_COMPILER_APPICON_NAME = AppIcon;
				CODE_SIGN_STYLE = Automatic;
				DEVELOPMENT_TEAM = GEKZN86RYS;
				INFOPLIST_FILE = TestCollectionViewB/Info.plist;
				LD_RUNPATH_SEARCH_PATHS = (
					"$(inherited)",
					"@executable_path/Frameworks",
				);
				PRODUCT_BUNDLE_IDENTIFIER = com.whizbang.TestCollectionViewB;
				PRODUCT_NAME = "$(TARGET_NAME)";
				SWIFT_VERSION = 4.0;
				TARGETED_DEVICE_FAMILY = "1,2";
			};
			name = Debug;
		};
		4D1D2F58212E8E1B007DD0BE /* Release */ = {
			isa = XCBuildConfiguration;
			buildSettings = {
				ASSETCATALOG_COMPILER_APPICON_NAME = AppIcon;
				CODE_SIGN_STYLE = Automatic;
				DEVELOPMENT_TEAM = GEKZN86RYS;
				INFOPLIST_FILE = TestCollectionViewB/Info.plist;
				LD_RUNPATH_SEARCH_PATHS = (
					"$(inherited)",
					"@executable_path/Frameworks",
				);
				PRODUCT_BUNDLE_IDENTIFIER = com.whizbang.TestCollectionViewB;
				PRODUCT_NAME = "$(TARGET_NAME)";
				SWIFT_VERSION = 4.0;
				TARGETED_DEVICE_FAMILY = "1,2";
			};
			name = Release;
		};
		4D1D2F5A212E8E1B007DD0BE /* Debug */ = {
			isa = XCBuildConfiguration;
			buildSettings = {
				ALWAYS_EMBED_SWIFT_STANDARD_LIBRARIES = YES;
				BUNDLE_LOADER = "$(TEST_HOST)";
				CODE_SIGN_STYLE = Automatic;
				DEVELOPMENT_TEAM = GEKZN86RYS;
				INFOPLIST_FILE = TestCollectionViewBTests/Info.plist;
				LD_RUNPATH_SEARCH_PATHS = (
					"$(inherited)",
					"@executable_path/Frameworks",
					"@loader_path/Frameworks",
				);
				PRODUCT_BUNDLE_IDENTIFIER = com.whizbang.TestCollectionViewBTests;
				PRODUCT_NAME = "$(TARGET_NAME)";
				SWIFT_VERSION = 4.0;
				TARGETED_DEVICE_FAMILY = "1,2";
				TEST_HOST = "$(BUILT_PRODUCTS_DIR)/TestCollectionViewB.app/TestCollectionViewB";
			};
			name = Debug;
		};
		4D1D2F5B212E8E1B007DD0BE /* Release */ = {
			isa = XCBuildConfiguration;
			buildSettings = {
				ALWAYS_EMBED_SWIFT_STANDARD_LIBRARIES = YES;
				BUNDLE_LOADER = "$(TEST_HOST)";
				CODE_SIGN_STYLE = Automatic;
				DEVELOPMENT_TEAM = GEKZN86RYS;
				INFOPLIST_FILE = TestCollectionViewBTests/Info.plist;
				LD_RUNPATH_SEARCH_PATHS = (
					"$(inherited)",
					"@executable_path/Frameworks",
					"@loader_path/Frameworks",
				);
				PRODUCT_BUNDLE_IDENTIFIER = com.whizbang.TestCollectionViewBTests;
				PRODUCT_NAME = "$(TARGET_NAME)";
				SWIFT_VERSION = 4.0;
				TARGETED_DEVICE_FAMILY = "1,2";
				TEST_HOST = "$(BUILT_PRODUCTS_DIR)/TestCollectionViewB.app/TestCollectionViewB";
			};
			name = Release;
		};
		4D1D2F5D212E8E1B007DD0BE /* Debug */ = {
			isa = XCBuildConfiguration;
			buildSettings = {
				ALWAYS_EMBED_SWIFT_STANDARD_LIBRARIES = YES;
				CODE_SIGN_STYLE = Automatic;
				DEVELOPMENT_TEAM = GEKZN86RYS;
				INFOPLIST_FILE = TestCollectionViewBUITests/Info.plist;
				LD_RUNPATH_SEARCH_PATHS = (
					"$(inherited)",
					"@executable_path/Frameworks",
					"@loader_path/Frameworks",
				);
				PRODUCT_BUNDLE_IDENTIFIER = com.whizbang.TestCollectionViewBUITests;
				PRODUCT_NAME = "$(TARGET_NAME)";
				SWIFT_VERSION = 4.0;
				TARGETED_DEVICE_FAMILY = "1,2";
				TEST_TARGET_NAME = TestCollectionViewB;
			};
			name = Debug;
		};
		4D1D2F5E212E8E1B007DD0BE /* Release */ = {
			isa = XCBuildConfiguration;
			buildSettings = {
				ALWAYS_EMBED_SWIFT_STANDARD_LIBRARIES = YES;
				CODE_SIGN_STYLE = Automatic;
				DEVELOPMENT_TEAM = GEKZN86RYS;
				INFOPLIST_FILE = TestCollectionViewBUITests/Info.plist;
				LD_RUNPATH_SEARCH_PATHS = (
					"$(inherited)",
					"@executable_path/Frameworks",
					"@loader_path/Frameworks",
				);
				PRODUCT_BUNDLE_IDENTIFIER = com.whizbang.TestCollectionViewBUITests;
				PRODUCT_NAME = "$(TARGET_NAME)";
				SWIFT_VERSION = 4.0;
				TARGETED_DEVICE_FAMILY = "1,2";
				TEST_TARGET_NAME = TestCollectionViewB;
			};
			name = Release;
		};
/* End XCBuildConfiguration section */

/* Begin XCConfigurationList section */
		4D1D2F26212E8E1A007DD0BE /* Build configuration list for PBXProject "TestCollectionViewB" */ = {
			isa = XCConfigurationList;
			buildConfigurations = (
				4D1D2F54212E8E1B007DD0BE /* Debug */,
				4D1D2F55212E8E1B007DD0BE /* Release */,
			);
			defaultConfigurationIsVisible = 0;
			defaultConfigurationName = Release;
		};
		4D1D2F56212E8E1B007DD0BE /* Build configuration list for PBXNativeTarget "TestCollectionViewB" */ = {
			isa = XCConfigurationList;
			buildConfigurations = (
				4D1D2F57212E8E1B007DD0BE /* Debug */,
				4D1D2F58212E8E1B007DD0BE /* Release */,
			);
			defaultConfigurationIsVisible = 0;
			defaultConfigurationName = Release;
		};
		4D1D2F59212E8E1B007DD0BE /* Build configuration list for PBXNativeTarget "TestCollectionViewBTests" */ = {
			isa = XCConfigurationList;
			buildConfigurations = (
				4D1D2F5A212E8E1B007DD0BE /* Debug */,
				4D1D2F5B212E8E1B007DD0BE /* Release */,
			);
			defaultConfigurationIsVisible = 0;
			defaultConfigurationName = Release;
		};
		4D1D2F5C212E8E1B007DD0BE /* Build configuration list for PBXNativeTarget "TestCollectionViewBUITests" */ = {
			isa = XCConfigurationList;
			buildConfigurations = (
				4D1D2F5D212E8E1B007DD0BE /* Debug */,
				4D1D2F5E212E8E1B007DD0BE /* Release */,
			);
			defaultConfigurationIsVisible = 0;
			defaultConfigurationName = Release;
		};
/* End XCConfigurationList section */

/* Begin XCVersionGroup section */
		4D1D2F35212E8E1A007DD0BE /* TestCollectionViewB.xcdatamodeld */ = {
			isa = XCVersionGroup;
			children = (
				4D1D2F36212E8E1A007DD0BE /* TestCollectionViewB.xcdatamodel */,
			);
			currentVersion = 4D1D2F36212E8E1A007DD0BE /* TestCollectionViewB.xcdatamodel */;
			path = TestCollectionViewB.xcdatamodeld;
			sourceTree = "<group>";
			versionGroupType = wrapper.xcdatamodel;
		};
/* End XCVersionGroup section */
	};
	rootObject = 4D1D2F23212E8E1A007DD0BE /* Project object */;
}
