// !$*UTF8*$!
{
	archiveVersion = 1;
	classes = {
	};
	objectVersion = 50;
	objects = {

/* Begin PBXBuildFile section */
		4D7F657E2154E196000F82B6 /* AppDelegate.swift in Sources */ = {isa = PBXBuildFile; fileRef = 4D7F657D2154E196000F82B6 /* AppDelegate.swift */; };
		4D7F65802154E196000F82B6 /* ViewController.swift in Sources */ = {isa = PBXBuildFile; fileRef = 4D7F657F2154E196000F82B6 /* ViewController.swift */; };
		4D7F65832154E196000F82B6 /* Main.storyboard in Resources */ = {isa = PBXBuildFile; fileRef = 4D7F65812154E196000F82B6 /* Main.storyboard */; };
		4D7F65852154E197000F82B6 /* Assets.xcassets in Resources */ = {isa = PBXBuildFile; fileRef = 4D7F65842154E197000F82B6 /* Assets.xcassets */; };
		4D7F65882154E197000F82B6 /* LaunchScreen.storyboard in Resources */ = {isa = PBXBuildFile; fileRef = 4D7F65862154E197000F82B6 /* LaunchScreen.storyboard */; };
		4D7F65932154E197000F82B6 /* MaskingTests.swift in Sources */ = {isa = PBXBuildFile; fileRef = 4D7F65922154E197000F82B6 /* MaskingTests.swift */; };
		4D7F659E2154E198000F82B6 /* MaskingUITests.swift in Sources */ = {isa = PBXBuildFile; fileRef = 4D7F659D2154E198000F82B6 /* MaskingUITests.swift */; };
/* End PBXBuildFile section */

/* Begin PBXContainerItemProxy section */
		4D7F658F2154E197000F82B6 /* PBXContainerItemProxy */ = {
			isa = PBXContainerItemProxy;
			containerPortal = 4D7F65722154E196000F82B6 /* Project object */;
			proxyType = 1;
			remoteGlobalIDString = 4D7F65792154E196000F82B6;
			remoteInfo = Masking;
		};
		4D7F659A2154E198000F82B6 /* PBXContainerItemProxy */ = {
			isa = PBXContainerItemProxy;
			containerPortal = 4D7F65722154E196000F82B6 /* Project object */;
			proxyType = 1;
			remoteGlobalIDString = 4D7F65792154E196000F82B6;
			remoteInfo = Masking;
		};
/* End PBXContainerItemProxy section */

/* Begin PBXFileReference section */
		4D7F657A2154E196000F82B6 /* Masking.app */ = {isa = PBXFileReference; explicitFileType = wrapper.application; includeInIndex = 0; path = Masking.app; sourceTree = BUILT_PRODUCTS_DIR; };
		4D7F657D2154E196000F82B6 /* AppDelegate.swift */ = {isa = PBXFileReference; lastKnownFileType = sourcecode.swift; path = AppDelegate.swift; sourceTree = "<group>"; };
		4D7F657F2154E196000F82B6 /* ViewController.swift */ = {isa = PBXFileReference; lastKnownFileType = sourcecode.swift; path = ViewController.swift; sourceTree = "<group>"; };
		4D7F65822154E196000F82B6 /* Base */ = {isa = PBXFileReference; lastKnownFileType = file.storyboard; name = Base; path = Base.lproj/Main.storyboard; sourceTree = "<group>"; };
		4D7F65842154E197000F82B6 /* Assets.xcassets */ = {isa = PBXFileReference; lastKnownFileType = folder.assetcatalog; path = Assets.xcassets; sourceTree = "<group>"; };
		4D7F65872154E197000F82B6 /* Base */ = {isa = PBXFileReference; lastKnownFileType = file.storyboard; name = Base; path = Base.lproj/LaunchScreen.storyboard; sourceTree = "<group>"; };
		4D7F65892154E197000F82B6 /* Info.plist */ = {isa = PBXFileReference; lastKnownFileType = text.plist.xml; path = Info.plist; sourceTree = "<group>"; };
		4D7F658E2154E197000F82B6 /* MaskingTests.xctest */ = {isa = PBXFileReference; explicitFileType = wrapper.cfbundle; includeInIndex = 0; path = MaskingTests.xctest; sourceTree = BUILT_PRODUCTS_DIR; };
		4D7F65922154E197000F82B6 /* MaskingTests.swift */ = {isa = PBXFileReference; lastKnownFileType = sourcecode.swift; path = MaskingTests.swift; sourceTree = "<group>"; };
		4D7F65942154E197000F82B6 /* Info.plist */ = {isa = PBXFileReference; lastKnownFileType = text.plist.xml; path = Info.plist; sourceTree = "<group>"; };
		4D7F65992154E198000F82B6 /* MaskingUITests.xctest */ = {isa = PBXFileReference; explicitFileType = wrapper.cfbundle; includeInIndex = 0; path = MaskingUITests.xctest; sourceTree = BUILT_PRODUCTS_DIR; };
		4D7F659D2154E198000F82B6 /* MaskingUITests.swift */ = {isa = PBXFileReference; lastKnownFileType = sourcecode.swift; path = MaskingUITests.swift; sourceTree = "<group>"; };
		4D7F659F2154E198000F82B6 /* Info.plist */ = {isa = PBXFileReference; lastKnownFileType = text.plist.xml; path = Info.plist; sourceTree = "<group>"; };
/* End PBXFileReference section */

/* Begin PBXFrameworksBuildPhase section */
		4D7F65772154E196000F82B6 /* Frameworks */ = {
			isa = PBXFrameworksBuildPhase;
			buildActionMask = 2147483647;
			files = (
			);
			runOnlyForDeploymentPostprocessing = 0;
		};
		4D7F658B2154E197000F82B6 /* Frameworks */ = {
			isa = PBXFrameworksBuildPhase;
			buildActionMask = 2147483647;
			files = (
			);
			runOnlyForDeploymentPostprocessing = 0;
		};
		4D7F65962154E198000F82B6 /* Frameworks */ = {
			isa = PBXFrameworksBuildPhase;
			buildActionMask = 2147483647;
			files = (
			);
			runOnlyForDeploymentPostprocessing = 0;
		};
/* End PBXFrameworksBuildPhase section */

/* Begin PBXGroup section */
		4D7F65712154E196000F82B6 = {
			isa = PBXGroup;
			children = (
				4D7F657C2154E196000F82B6 /* Masking */,
				4D7F65912154E197000F82B6 /* MaskingTests */,
				4D7F659C2154E198000F82B6 /* MaskingUITests */,
				4D7F657B2154E196000F82B6 /* Products */,
			);
			sourceTree = "<group>";
		};
		4D7F657B2154E196000F82B6 /* Products */ = {
			isa = PBXGroup;
			children = (
				4D7F657A2154E196000F82B6 /* Masking.app */,
				4D7F658E2154E197000F82B6 /* MaskingTests.xctest */,
				4D7F65992154E198000F82B6 /* MaskingUITests.xctest */,
			);
			name = Products;
			sourceTree = "<group>";
		};
		4D7F657C2154E196000F82B6 /* Masking */ = {
			isa = PBXGroup;
			children = (
				4D7F657D2154E196000F82B6 /* AppDelegate.swift */,
				4D7F657F2154E196000F82B6 /* ViewController.swift */,
				4D7F65812154E196000F82B6 /* Main.storyboard */,
				4D7F65842154E197000F82B6 /* Assets.xcassets */,
				4D7F65862154E197000F82B6 /* LaunchScreen.storyboard */,
				4D7F65892154E197000F82B6 /* Info.plist */,
			);
			path = Masking;
			sourceTree = "<group>";
		};
		4D7F65912154E197000F82B6 /* MaskingTests */ = {
			isa = PBXGroup;
			children = (
				4D7F65922154E197000F82B6 /* MaskingTests.swift */,
				4D7F65942154E197000F82B6 /* Info.plist */,
			);
			path = MaskingTests;
			sourceTree = "<group>";
		};
		4D7F659C2154E198000F82B6 /* MaskingUITests */ = {
			isa = PBXGroup;
			children = (
				4D7F659D2154E198000F82B6 /* MaskingUITests.swift */,
				4D7F659F2154E198000F82B6 /* Info.plist */,
			);
			path = MaskingUITests;
			sourceTree = "<group>";
		};
/* End PBXGroup section */

/* Begin PBXNativeTarget section */
		4D7F65792154E196000F82B6 /* Masking */ = {
			isa = PBXNativeTarget;
			buildConfigurationList = 4D7F65A22154E198000F82B6 /* Build configuration list for PBXNativeTarget "Masking" */;
			buildPhases = (
				4D7F65762154E196000F82B6 /* Sources */,
				4D7F65772154E196000F82B6 /* Frameworks */,
				4D7F65782154E196000F82B6 /* Resources */,
			);
			buildRules = (
			);
			dependencies = (
			);
			name = Masking;
			productName = Masking;
			productReference = 4D7F657A2154E196000F82B6 /* Masking.app */;
			productType = "com.apple.product-type.application";
		};
		4D7F658D2154E197000F82B6 /* MaskingTests */ = {
			isa = PBXNativeTarget;
			buildConfigurationList = 4D7F65A52154E198000F82B6 /* Build configuration list for PBXNativeTarget "MaskingTests" */;
			buildPhases = (
				4D7F658A2154E197000F82B6 /* Sources */,
				4D7F658B2154E197000F82B6 /* Frameworks */,
				4D7F658C2154E197000F82B6 /* Resources */,
			);
			buildRules = (
			);
			dependencies = (
				4D7F65902154E197000F82B6 /* PBXTargetDependency */,
			);
			name = MaskingTests;
			productName = MaskingTests;
			productReference = 4D7F658E2154E197000F82B6 /* MaskingTests.xctest */;
			productType = "com.apple.product-type.bundle.unit-test";
		};
		4D7F65982154E198000F82B6 /* MaskingUITests */ = {
			isa = PBXNativeTarget;
			buildConfigurationList = 4D7F65A82154E198000F82B6 /* Build configuration list for PBXNativeTarget "MaskingUITests" */;
			buildPhases = (
				4D7F65952154E198000F82B6 /* Sources */,
				4D7F65962154E198000F82B6 /* Frameworks */,
				4D7F65972154E198000F82B6 /* Resources */,
			);
			buildRules = (
			);
			dependencies = (
				4D7F659B2154E198000F82B6 /* PBXTargetDependency */,
			);
			name = MaskingUITests;
			productName = MaskingUITests;
			productReference = 4D7F65992154E198000F82B6 /* MaskingUITests.xctest */;
			productType = "com.apple.product-type.bundle.ui-testing";
		};
/* End PBXNativeTarget section */

/* Begin PBXProject section */
		4D7F65722154E196000F82B6 /* Project object */ = {
			isa = PBXProject;
			attributes = {
				LastSwiftUpdateCheck = 0940;
				LastUpgradeCheck = 0940;
				ORGANIZATIONNAME = "Mark Wong";
				TargetAttributes = {
					4D7F65792154E196000F82B6 = {
						CreatedOnToolsVersion = 9.4.1;
					};
					4D7F658D2154E197000F82B6 = {
						CreatedOnToolsVersion = 9.4.1;
						TestTargetID = 4D7F65792154E196000F82B6;
					};
					4D7F65982154E198000F82B6 = {
						CreatedOnToolsVersion = 9.4.1;
						TestTargetID = 4D7F65792154E196000F82B6;
					};
				};
			};
			buildConfigurationList = 4D7F65752154E196000F82B6 /* Build configuration list for PBXProject "Masking" */;
			compatibilityVersion = "Xcode 9.3";
			developmentRegion = en;
			hasScannedForEncodings = 0;
			knownRegions = (
				en,
				Base,
			);
			mainGroup = 4D7F65712154E196000F82B6;
			productRefGroup = 4D7F657B2154E196000F82B6 /* Products */;
			projectDirPath = "";
			projectRoot = "";
			targets = (
				4D7F65792154E196000F82B6 /* Masking */,
				4D7F658D2154E197000F82B6 /* MaskingTests */,
				4D7F65982154E198000F82B6 /* MaskingUITests */,
			);
		};
/* End PBXProject section */

/* Begin PBXResourcesBuildPhase section */
		4D7F65782154E196000F82B6 /* Resources */ = {
			isa = PBXResourcesBuildPhase;
			buildActionMask = 2147483647;
			files = (
				4D7F65882154E197000F82B6 /* LaunchScreen.storyboard in Resources */,
				4D7F65852154E197000F82B6 /* Assets.xcassets in Resources */,
				4D7F65832154E196000F82B6 /* Main.storyboard in Resources */,
			);
			runOnlyForDeploymentPostprocessing = 0;
		};
		4D7F658C2154E197000F82B6 /* Resources */ = {
			isa = PBXResourcesBuildPhase;
			buildActionMask = 2147483647;
			files = (
			);
			runOnlyForDeploymentPostprocessing = 0;
		};
		4D7F65972154E198000F82B6 /* Resources */ = {
			isa = PBXResourcesBuildPhase;
			buildActionMask = 2147483647;
			files = (
			);
			runOnlyForDeploymentPostprocessing = 0;
		};
/* End PBXResourcesBuildPhase section */

/* Begin PBXSourcesBuildPhase section */
		4D7F65762154E196000F82B6 /* Sources */ = {
			isa = PBXSourcesBuildPhase;
			buildActionMask = 2147483647;
			files = (
				4D7F65802154E196000F82B6 /* ViewController.swift in Sources */,
				4D7F657E2154E196000F82B6 /* AppDelegate.swift in Sources */,
			);
			runOnlyForDeploymentPostprocessing = 0;
		};
		4D7F658A2154E197000F82B6 /* Sources */ = {
			isa = PBXSourcesBuildPhase;
			buildActionMask = 2147483647;
			files = (
				4D7F65932154E197000F82B6 /* MaskingTests.swift in Sources */,
			);
			runOnlyForDeploymentPostprocessing = 0;
		};
		4D7F65952154E198000F82B6 /* Sources */ = {
			isa = PBXSourcesBuildPhase;
			buildActionMask = 2147483647;
			files = (
				4D7F659E2154E198000F82B6 /* MaskingUITests.swift in Sources */,
			);
			runOnlyForDeploymentPostprocessing = 0;
		};
/* End PBXSourcesBuildPhase section */

/* Begin PBXTargetDependency section */
		4D7F65902154E197000F82B6 /* PBXTargetDependency */ = {
			isa = PBXTargetDependency;
			target = 4D7F65792154E196000F82B6 /* Masking */;
			targetProxy = 4D7F658F2154E197000F82B6 /* PBXContainerItemProxy */;
		};
		4D7F659B2154E198000F82B6 /* PBXTargetDependency */ = {
			isa = PBXTargetDependency;
			target = 4D7F65792154E196000F82B6 /* Masking */;
			targetProxy = 4D7F659A2154E198000F82B6 /* PBXContainerItemProxy */;
		};
/* End PBXTargetDependency section */

/* Begin PBXVariantGroup section */
		4D7F65812154E196000F82B6 /* Main.storyboard */ = {
			isa = PBXVariantGroup;
			children = (
				4D7F65822154E196000F82B6 /* Base */,
			);
			name = Main.storyboard;
			sourceTree = "<group>";
		};
		4D7F65862154E197000F82B6 /* LaunchScreen.storyboard */ = {
			isa = PBXVariantGroup;
			children = (
				4D7F65872154E197000F82B6 /* Base */,
			);
			name = LaunchScreen.storyboard;
			sourceTree = "<group>";
		};
/* End PBXVariantGroup section */

/* Begin XCBuildConfiguration section */
		4D7F65A02154E198000F82B6 /* Debug */ = {
			isa = XCBuildConfiguration;
			buildSettings = {
				ALWAYS_SEARCH_USER_PATHS = NO;
				CLANG_ANALYZER_NONNULL = YES;
				CLANG_ANALYZER_NUMBER_OBJECT_CONVERSION = YES_AGGRESSIVE;
				CLANG_CXX_LANGUAGE_STANDARD = "gnu++14";
				CLANG_CXX_LIBRARY = "libc++";
				CLANG_ENABLE_MODULES = YES;
				CLANG_ENABLE_OBJC_ARC = YES;
				CLANG_ENABLE_OBJC_WEAK = YES;
				CLANG_WARN_BLOCK_CAPTURE_AUTORELEASING = YES;
				CLANG_WARN_BOOL_CONVERSION = YES;
				CLANG_WARN_COMMA = YES;
				CLANG_WARN_CONSTANT_CONVERSION = YES;
				CLANG_WARN_DEPRECATED_OBJC_IMPLEMENTATIONS = YES;
				CLANG_WARN_DIRECT_OBJC_ISA_USAGE = YES_ERROR;
				CLANG_WARN_DOCUMENTATION_COMMENTS = YES;
				CLANG_WARN_EMPTY_BODY = YES;
				CLANG_WARN_ENUM_CONVERSION = YES;
				CLANG_WARN_INFINITE_RECURSION = YES;
				CLANG_WARN_INT_CONVERSION = YES;
				CLANG_WARN_NON_LITERAL_NULL_CONVERSION = YES;
				CLANG_WARN_OBJC_IMPLICIT_RETAIN_SELF = YES;
				CLANG_WARN_OBJC_LITERAL_CONVERSION = YES;
				CLANG_WARN_OBJC_ROOT_CLASS = YES_ERROR;
				CLANG_WARN_RANGE_LOOP_ANALYSIS = YES;
				CLANG_WARN_STRICT_PROTOTYPES = YES;
				CLANG_WARN_SUSPICIOUS_MOVE = YES;
				CLANG_WARN_UNGUARDED_AVAILABILITY = YES_AGGRESSIVE;
				CLANG_WARN_UNREACHABLE_CODE = YES;
				CLANG_WARN__DUPLICATE_METHOD_MATCH = YES;
				CODE_SIGN_IDENTITY = "iPhone Developer";
				COPY_PHASE_STRIP = NO;
				DEBUG_INFORMATION_FORMAT = dwarf;
				ENABLE_STRICT_OBJC_MSGSEND = YES;
				ENABLE_TESTABILITY = YES;
				GCC_C_LANGUAGE_STANDARD = gnu11;
				GCC_DYNAMIC_NO_PIC = NO;
				GCC_NO_COMMON_BLOCKS = YES;
				GCC_OPTIMIZATION_LEVEL = 0;
				GCC_PREPROCESSOR_DEFINITIONS = (
					"DEBUG=1",
					"$(inherited)",
				);
				GCC_WARN_64_TO_32_BIT_CONVERSION = YES;
				GCC_WARN_ABOUT_RETURN_TYPE = YES_ERROR;
				GCC_WARN_UNDECLARED_SELECTOR = YES;
				GCC_WARN_UNINITIALIZED_AUTOS = YES_AGGRESSIVE;
				GCC_WARN_UNUSED_FUNCTION = YES;
				GCC_WARN_UNUSED_VARIABLE = YES;
				IPHONEOS_DEPLOYMENT_TARGET = 11.4;
				MTL_ENABLE_DEBUG_INFO = YES;
				ONLY_ACTIVE_ARCH = YES;
				SDKROOT = iphoneos;
				SWIFT_ACTIVE_COMPILATION_CONDITIONS = DEBUG;
				SWIFT_OPTIMIZATION_LEVEL = "-Onone";
			};
			name = Debug;
		};
		4D7F65A12154E198000F82B6 /* Release */ = {
			isa = XCBuildConfiguration;
			buildSettings = {
				ALWAYS_SEARCH_USER_PATHS = NO;
				CLANG_ANALYZER_NONNULL = YES;
				CLANG_ANALYZER_NUMBER_OBJECT_CONVERSION = YES_AGGRESSIVE;
				CLANG_CXX_LANGUAGE_STANDARD = "gnu++14";
				CLANG_CXX_LIBRARY = "libc++";
				CLANG_ENABLE_MODULES = YES;
				CLANG_ENABLE_OBJC_ARC = YES;
				CLANG_ENABLE_OBJC_WEAK = YES;
				CLANG_WARN_BLOCK_CAPTURE_AUTORELEASING = YES;
				CLANG_WARN_BOOL_CONVERSION = YES;
				CLANG_WARN_COMMA = YES;
				CLANG_WARN_CONSTANT_CONVERSION = YES;
				CLANG_WARN_DEPRECATED_OBJC_IMPLEMENTATIONS = YES;
				CLANG_WARN_DIRECT_OBJC_ISA_USAGE = YES_ERROR;
				CLANG_WARN_DOCUMENTATION_COMMENTS = YES;
				CLANG_WARN_EMPTY_BODY = YES;
				CLANG_WARN_ENUM_CONVERSION = YES;
				CLANG_WARN_INFINITE_RECURSION = YES;
				CLANG_WARN_INT_CONVERSION = YES;
				CLANG_WARN_NON_LITERAL_NULL_CONVERSION = YES;
				CLANG_WARN_OBJC_IMPLICIT_RETAIN_SELF = YES;
				CLANG_WARN_OBJC_LITERAL_CONVERSION = YES;
				CLANG_WARN_OBJC_ROOT_CLASS = YES_ERROR;
				CLANG_WARN_RANGE_LOOP_ANALYSIS = YES;
				CLANG_WARN_STRICT_PROTOTYPES = YES;
				CLANG_WARN_SUSPICIOUS_MOVE = YES;
				CLANG_WARN_UNGUARDED_AVAILABILITY = YES_AGGRESSIVE;
				CLANG_WARN_UNREACHABLE_CODE = YES;
				CLANG_WARN__DUPLICATE_METHOD_MATCH = YES;
				CODE_SIGN_IDENTITY = "iPhone Developer";
				COPY_PHASE_STRIP = NO;
				DEBUG_INFORMATION_FORMAT = "dwarf-with-dsym";
				ENABLE_NS_ASSERTIONS = NO;
				ENABLE_STRICT_OBJC_MSGSEND = YES;
				GCC_C_LANGUAGE_STANDARD = gnu11;
				GCC_NO_COMMON_BLOCKS = YES;
				GCC_WARN_64_TO_32_BIT_CONVERSION = YES;
				GCC_WARN_ABOUT_RETURN_TYPE = YES_ERROR;
				GCC_WARN_UNDECLARED_SELECTOR = YES;
				GCC_WARN_UNINITIALIZED_AUTOS = YES_AGGRESSIVE;
				GCC_WARN_UNUSED_FUNCTION = YES;
				GCC_WARN_UNUSED_VARIABLE = YES;
				IPHONEOS_DEPLOYMENT_TARGET = 11.4;
				MTL_ENABLE_DEBUG_INFO = NO;
				SDKROOT = iphoneos;
				SWIFT_COMPILATION_MODE = wholemodule;
				SWIFT_OPTIMIZATION_LEVEL = "-O";
				VALIDATE_PRODUCT = YES;
			};
			name = Release;
		};
		4D7F65A32154E198000F82B6 /* Debug */ = {
			isa = XCBuildConfiguration;
			buildSettings = {
				ASSETCATALOG_COMPILER_APPICON_NAME = AppIcon;
				CODE_SIGN_STYLE = Automatic;
				DEVELOPMENT_TEAM = GEKZN86RYS;
				INFOPLIST_FILE = Masking/Info.plist;
				LD_RUNPATH_SEARCH_PATHS = (
					"$(inherited)",
					"@executable_path/Frameworks",
				);
				PRODUCT_BUNDLE_IDENTIFIER = com.whizbang.Masking;
				PRODUCT_NAME = "$(TARGET_NAME)";
				SWIFT_VERSION = 4.0;
				TARGETED_DEVICE_FAMILY = "1,2";
			};
			name = Debug;
		};
		4D7F65A42154E198000F82B6 /* Release */ = {
			isa = XCBuildConfiguration;
			buildSettings = {
				ASSETCATALOG_COMPILER_APPICON_NAME = AppIcon;
				CODE_SIGN_STYLE = Automatic;
				DEVELOPMENT_TEAM = GEKZN86RYS;
				INFOPLIST_FILE = Masking/Info.plist;
				LD_RUNPATH_SEARCH_PATHS = (
					"$(inherited)",
					"@executable_path/Frameworks",
				);
				PRODUCT_BUNDLE_IDENTIFIER = com.whizbang.Masking;
				PRODUCT_NAME = "$(TARGET_NAME)";
				SWIFT_VERSION = 4.0;
				TARGETED_DEVICE_FAMILY = "1,2";
			};
			name = Release;
		};
		4D7F65A62154E198000F82B6 /* Debug */ = {
			isa = XCBuildConfiguration;
			buildSettings = {
				ALWAYS_EMBED_SWIFT_STANDARD_LIBRARIES = YES;
				BUNDLE_LOADER = "$(TEST_HOST)";
				CODE_SIGN_STYLE = Automatic;
				DEVELOPMENT_TEAM = GEKZN86RYS;
				INFOPLIST_FILE = MaskingTests/Info.plist;
				LD_RUNPATH_SEARCH_PATHS = (
					"$(inherited)",
					"@executable_path/Frameworks",
					"@loader_path/Frameworks",
				);
				PRODUCT_BUNDLE_IDENTIFIER = com.whizbang.MaskingTests;
				PRODUCT_NAME = "$(TARGET_NAME)";
				SWIFT_VERSION = 4.0;
				TARGETED_DEVICE_FAMILY = "1,2";
				TEST_HOST = "$(BUILT_PRODUCTS_DIR)/Masking.app/Masking";
			};
			name = Debug;
		};
		4D7F65A72154E198000F82B6 /* Release */ = {
			isa = XCBuildConfiguration;
			buildSettings = {
				ALWAYS_EMBED_SWIFT_STANDARD_LIBRARIES = YES;
				BUNDLE_LOADER = "$(TEST_HOST)";
				CODE_SIGN_STYLE = Automatic;
				DEVELOPMENT_TEAM = GEKZN86RYS;
				INFOPLIST_FILE = MaskingTests/Info.plist;
				LD_RUNPATH_SEARCH_PATHS = (
					"$(inherited)",
					"@executable_path/Frameworks",
					"@loader_path/Frameworks",
				);
				PRODUCT_BUNDLE_IDENTIFIER = com.whizbang.MaskingTests;
				PRODUCT_NAME = "$(TARGET_NAME)";
				SWIFT_VERSION = 4.0;
				TARGETED_DEVICE_FAMILY = "1,2";
				TEST_HOST = "$(BUILT_PRODUCTS_DIR)/Masking.app/Masking";
			};
			name = Release;
		};
		4D7F65A92154E198000F82B6 /* Debug */ = {
			isa = XCBuildConfiguration;
			buildSettings = {
				ALWAYS_EMBED_SWIFT_STANDARD_LIBRARIES = YES;
				CODE_SIGN_STYLE = Automatic;
				DEVELOPMENT_TEAM = GEKZN86RYS;
				INFOPLIST_FILE = MaskingUITests/Info.plist;
				LD_RUNPATH_SEARCH_PATHS = (
					"$(inherited)",
					"@executable_path/Frameworks",
					"@loader_path/Frameworks",
				);
				PRODUCT_BUNDLE_IDENTIFIER = com.whizbang.MaskingUITests;
				PRODUCT_NAME = "$(TARGET_NAME)";
				SWIFT_VERSION = 4.0;
				TARGETED_DEVICE_FAMILY = "1,2";
				TEST_TARGET_NAME = Masking;
			};
			name = Debug;
		};
		4D7F65AA2154E198000F82B6 /* Release */ = {
			isa = XCBuildConfiguration;
			buildSettings = {
				ALWAYS_EMBED_SWIFT_STANDARD_LIBRARIES = YES;
				CODE_SIGN_STYLE = Automatic;
				DEVELOPMENT_TEAM = GEKZN86RYS;
				INFOPLIST_FILE = MaskingUITests/Info.plist;
				LD_RUNPATH_SEARCH_PATHS = (
					"$(inherited)",
					"@executable_path/Frameworks",
					"@loader_path/Frameworks",
				);
				PRODUCT_BUNDLE_IDENTIFIER = com.whizbang.MaskingUITests;
				PRODUCT_NAME = "$(TARGET_NAME)";
				SWIFT_VERSION = 4.0;
				TARGETED_DEVICE_FAMILY = "1,2";
				TEST_TARGET_NAME = Masking;
			};
			name = Release;
		};
/* End XCBuildConfiguration section */

/* Begin XCConfigurationList section */
		4D7F65752154E196000F82B6 /* Build configuration list for PBXProject "Masking" */ = {
			isa = XCConfigurationList;
			buildConfigurations = (
				4D7F65A02154E198000F82B6 /* Debug */,
				4D7F65A12154E198000F82B6 /* Release */,
			);
			defaultConfigurationIsVisible = 0;
			defaultConfigurationName = Release;
		};
		4D7F65A22154E198000F82B6 /* Build configuration list for PBXNativeTarget "Masking" */ = {
			isa = XCConfigurationList;
			buildConfigurations = (
				4D7F65A32154E198000F82B6 /* Debug */,
				4D7F65A42154E198000F82B6 /* Release */,
			);
			defaultConfigurationIsVisible = 0;
			defaultConfigurationName = Release;
		};
		4D7F65A52154E198000F82B6 /* Build configuration list for PBXNativeTarget "MaskingTests" */ = {
			isa = XCConfigurationList;
			buildConfigurations = (
				4D7F65A62154E198000F82B6 /* Debug */,
				4D7F65A72154E198000F82B6 /* Release */,
			);
			defaultConfigurationIsVisible = 0;
			defaultConfigurationName = Release;
		};
		4D7F65A82154E198000F82B6 /* Build configuration list for PBXNativeTarget "MaskingUITests" */ = {
			isa = XCConfigurationList;
			buildConfigurations = (
				4D7F65A92154E198000F82B6 /* Debug */,
				4D7F65AA2154E198000F82B6 /* Release */,
			);
			defaultConfigurationIsVisible = 0;
			defaultConfigurationName = Release;
		};
/* End XCConfigurationList section */
	};
	rootObject = 4D7F65722154E196000F82B6 /* Project object */;
}
